{
  "name": "whiteitlab-web",
  "version": "1.0.0",
  "lockfileVersion": 3,
  "requires": true,
  "packages": {
    "": {
      "name": "whiteitlab-web",
      "version": "1.0.0",
      "license": "MIT",
      "dependencies": {
        "nodemailer": "^7.0.13"
      },
      "devDependencies": {
        "@fontsource-variable/archivo": "^5.3.0",
        "@fontsource-variable/jetbrains-mono": "^5.3.0"
      },
      "engines": {
        "node": ">=22"
      }
    },
    "node_modules/@fontsource-variable/archivo": {
      "version": "5.3.0",
      "resolved": "https://registry.npmjs.org/@fontsource-variable/archivo/-/archivo-5.3.0.tgz",
      "integrity": "sha512-HogK8FJelrD1o7TlZlkIVtHgc20bO5PZRWE7mUeUTdMN055alznQV6/00J00IBeu8FQAH4s3zW9UJNvKExXf+g==",
      "dev": true,
      "license": "OFL-1.1",
      "funding": {
        "url": "https://github.com/sponsors/ayuhito"
      }
    },
    "node_modules/@fontsource-variable/jetbrains-mono": {
      "version": "5.3.0",
      "resolved": "https://registry.npmjs.org/@fontsource-variable/jetbrains-mono/-/jetbrains-mono-5.3.0.tgz",
      "integrity": "sha512-F32xpS2NsGYoQi2ADSkKTgpJj7ozajsGgDJ8woTnqjmIB+dxDIqImjl4pXZVEExu8UFZ2ndhmX18EBS/hdz3Lw==",
      "dev": true,
      "license": "OFL-1.1",
      "funding": {
        "url": "https://github.com/sponsors/ayuhito"
      }
    },
    "node_modules/nodemailer": {
      "version": "7.0.13",
      "resolved": "https://registry.npmjs.org/nodemailer/-/nodemailer-7.0.13.tgz",
      "integrity": "sha512-PNDFSJdP+KFgdsG3ZzMXCgquO7I6McjY2vlqILjtJd0hy8wEvtugS9xKRF2NWlPNGxvLCXlTNIae4serI7dinw==",
      "license": "MIT-0",
      "engines": {
        "node": ">=6.0.0"
      }
    }
  }
}
